{
  "name": "naps2.webscan",
  "version": "1.0.0",
  "lockfileVersion": 3,
  "requires": true,
  "packages": {
    "": {
      "name": "naps2.webscan",
      "version": "1.0.0",
      "dependencies": {
        "escl-sdk-ts": "^1.0.8"
      }
    },
    "node_modules/axios": {
      "version": "0.26.1",
      "resolved": "https://registry.npmjs.org/axios/-/axios-0.26.1.tgz",
      "integrity": "sha512-fPwcX4EvnSHuInCMItEhAGnaSEXRBjtzh9fOtsE6E1G6p7vl7edEeZe11QHf18+6+9gR5PbKV/sGKNaD8YaMeA==",
      "dependencies": {
        "follow-redirects": "^1.14.8"
      }
    },
    "node_modules/escl-sdk-ts": {
      "version": "1.0.8",
      "resolved": "https://registry.npmjs.org/escl-sdk-ts/-/escl-sdk-ts-1.0.8.tgz",
      "integrity": "sha512-91JQtYpx4B/7QXpVkoRz0xNPPBTScQBSM0mkOmeTh7aCE0to3zOmvGWZoGGEr2BgE22+nxVW5qSsxKN/szUyew==",
      "dependencies": {
        "axios": "0.26.1",
        "fast-xml-parser": "^4.2.6"
      }
    },
    "node_modules/fast-xml-parser": {
      "version": "4.4.1",
      "resolved": "https://registry.npmjs.org/fast-xml-parser/-/fast-xml-parser-4.4.1.tgz",
      "integrity": "sha512-xkjOecfnKGkSsOwtZ5Pz7Us/T6mrbPQrq0nh+aCO5V9nk5NLWmasAHumTKjiPJPWANe+kAZ84Jc8ooJkzZ88Sw==",
      "funding": [
        {
          "type": "github",
          "url": "https://github.com/sponsors/NaturalIntelligence"
        },
        {
          "type": "paypal",
          "url": "https://paypal.me/naturalintelligence"
        }
      ],
      "dependencies": {
        "strnum": "^1.0.5"
      },
      "bin": {
        "fxparser": "src/cli/cli.js"
      }
    },
    "node_modules/follow-redirects": {
      "version": "1.15.6",
      "resolved": "https://registry.npmjs.org/follow-redirects/-/follow-redirects-1.15.6.tgz",
      "integrity": "sha512-wWN62YITEaOpSK584EZXJafH1AGpO8RVgElfkuXbTOrPX4fIfOyEpW/CsiNd8JdYrAoOvafRTOEnvsO++qCqFA==",
      "funding": [
        {
          "type": "individual",
          "url": "https://github.com/sponsors/RubenVerborgh"
        }
      ],
      "engines": {
        "node": ">=4.0"
      },
      "peerDependenciesMeta": {
        "debug": {
          "optional": true
        }
      }
    },
    "node_modules/strnum": {
      "version": "1.0.5",
      "resolved": "https://registry.npmjs.org/strnum/-/strnum-1.0.5.tgz",
      "integrity": "sha512-J8bbNyKKXl5qYcR36TIO8W3mVGVHrmmxsd5PAItGkmyzwJvybiw2IVq5nqd0i4LSNSkB/sx9VHllbfFdr9k1JA=="
    }
  }
}
